// !$*UTF8*$!
{
	archiveVersion = 1;
	classes = {
	};
	objectVersion = 46;
	objects = {

/* Begin PBXBuildFile section */
		8DEE1E4C1C45F19800B04537 /* main.m in Sources */ = {isa = PBXBuildFile; fileRef = 8DEE1E4B1C45F19800B04537 /* main.m */; };
		8DEE1E4F1C45F19800B04537 /* AppDelegate.m in Sources */ = {isa = PBXBuildFile; fileRef = 8DEE1E4E1C45F19800B04537 /* AppDelegate.m */; };
		8DEE1E521C45F19800B04537 /* HCRootViewController.m in Sources */ = {isa = PBXBuildFile; fileRef = 8DEE1E511C45F19800B04537 /* HCRootViewController.m */; };
		8DEE1E571C45F19800B04537 /* Assets.xcassets in Resources */ = {isa = PBXBuildFile; fileRef = 8DEE1E561C45F19800B04537 /* Assets.xcassets */; };
/* End PBXBuildFile section */

/* Begin PBXFileReference section */
		8DEE1E471C45F19800B04537 /* iOSStudy.app */ = {isa = PBXFileReference; explicitFileType = wrapper.application; includeInIndex = 0; path = iOSStudy.app; sourceTree = BUILT_PRODUCTS_DIR; };
		8DEE1E4B1C45F19800B04537 /* main.m */ = {isa = PBXFileReference; lastKnownFileType = sourcecode.c.objc; path = main.m; sourceTree = "<group>"; };
		8DEE1E4D1C45F19800B04537 /* AppDelegate.h */ = {isa = PBXFileReference; lastKnownFileType = sourcecode.c.h; path = AppDelegate.h; sourceTree = "<group>"; };
		8DEE1E4E1C45F19800B04537 /* AppDelegate.m */ = {isa = PBXFileReference; lastKnownFileType = sourcecode.c.objc; path = AppDelegate.m; sourceTree = "<group>"; };
		8DEE1E501C45F19800B04537 /* HCRootViewController.h */ = {isa = PBXFileReference; lastKnownFileType = sourcecode.c.h; path = HCRootViewController.h; sourceTree = "<group>"; };
		8DEE1E511C45F19800B04537 /* HCRootViewController.m */ = {isa = PBXFileReference; lastKnownFileType = sourcecode.c.objc; path = HCRootViewController.m; sourceTree = "<group>"; };
		8DEE1E561C45F19800B04537 /* Assets.xcassets */ = {isa = PBXFileReference; lastKnownFileType = folder.assetcatalog; path = Assets.xcassets; sourceTree = "<group>"; };
		8DEE1E5B1C45F19800B04537 /* Info.plist */ = {isa = PBXFileReference; lastKnownFileType = text.plist.xml; path = Info.plist; sourceTree = "<group>"; };
/* End PBXFileReference section */

/* Begin PBXFrameworksBuildPhase section */
		8DEE1E441C45F19800B04537 /* Frameworks */ = {
			isa = PBXFrameworksBuildPhase;
			buildActionMask = 2147483647;
			files = (
			);
			runOnlyForDeploymentPostprocessing = 0;
		};
/* End PBXFrameworksBuildPhase section */

/* Begin PBXGroup section */
		8DEE1E3E1C45F19800B04537 = {
			isa = PBXGroup;
			children = (
				8DEE1E491C45F19800B04537 /* iOSStudy */,
				8DEE1E481C45F19800B04537 /* Products */,
			);
			sourceTree = "<group>";
		};
		8DEE1E481C45F19800B04537 /* Products */ = {
			isa = PBXGroup;
			children = (
				8DEE1E471C45F19800B04537 /* iOSStudy.app */,
			);
			name = Products;
			sourceTree = "<group>";
		};
		8DEE1E491C45F19800B04537 /* iOSStudy */ = {
			isa = PBXGroup;
			children = (
				8DEE1E4D1C45F19800B04537 /* AppDelegate.h */,
				8DEE1E4E1C45F19800B04537 /* AppDelegate.m */,
				8DEE1E501C45F19800B04537 /* HCRootViewController.h */,
				8DEE1E511C45F19800B04537 /* HCRootViewController.m */,
				8DEE1E4A1C45F19800B04537 /* Supporting Files */,
			);
			path = iOSStudy;
			sourceTree = "<group>";
		};
		8DEE1E4A1C45F19800B04537 /* Supporting Files */ = {
			isa = PBXGroup;
			children = (
				8DEE1E561C45F19800B04537 /* Assets.xcassets */,
				8DEE1E5B1C45F19800B04537 /* Info.plist */,
				8DEE1E4B1C45F19800B04537 /* main.m */,
			);
			name = "Supporting Files";
			sourceTree = "<group>";
		};
/* End PBXGroup section */

/* Begin PBXNativeTarget section */
		8DEE1E461C45F19800B04537 /* iOSStudy */ = {
			isa = PBXNativeTarget;
			buildConfigurationList = 8DEE1E5E1C45F19800B04537 /* Build configuration list for PBXNativeTarget "iOSStudy" */;
			buildPhases = (
				8DEE1E431C45F19800B04537 /* Sources */,
				8DEE1E441C45F19800B04537 /* Frameworks */,
				8DEE1E451C45F19800B04537 /* Resources */,
			);
			buildRules = (
			);
			dependencies = (
			);
			name = iOSStudy;
			productName = iOSStudy;
			productReference = 8DEE1E471C45F19800B04537 /* iOSStudy.app */;
			productType = "com.apple.product-type.application";
		};
/* End PBXNativeTarget section */

/* Begin PBXProject section */
		8DEE1E3F1C45F19800B04537 /* Project object */ = {
			isa = PBXProject;
			attributes = {
				CLASSPREFIX = HC;
				LastUpgradeCheck = 0710;
				ORGANIZATIONNAME = kongjianjia;
				TargetAttributes = {
					8DEE1E461C45F19800B04537 = {
						CreatedOnToolsVersion = 7.1;
					};
				};
			};
			buildConfigurationList = 8DEE1E421C45F19800B04537 /* Build configuration list for PBXProject "iOSStudy" */;
			compatibilityVersion = "Xcode 3.2";
			developmentRegion = English;
			hasScannedForEncodings = 0;
			knownRegions = (
				en,
				Base,
			);
			mainGroup = 8DEE1E3E1C45F19800B04537;
			productRefGroup = 8DEE1E481C45F19800B04537 /* Products */;
			projectDirPath = "";
			projectRoot = "";
			targets = (
				8DEE1E461C45F19800B04537 /* iOSStudy */,
			);
		};
/* End PBXProject section */

/* Begin PBXResourcesBuildPhase section */
		8DEE1E451C45F19800B04537 /* Resources */ = {
			isa = PBXResourcesBuildPhase;
			buildActionMask = 2147483647;
			files = (
				8DEE1E571C45F19800B04537 /* Assets.xcassets in Resources */,
			);
			runOnlyForDeploymentPostprocessing = 0;
		};
/* End PBXResourcesBuildPhase section */

/* Begin PBXSourcesBuildPhase section */
		8DEE1E431C45F19800B04537 /* Sources */ = {
			isa = PBXSourcesBuildPhase;
			buildActionMask = 2147483647;
			files = (
				8DEE1E521C45F19800B04537 /* HCRootViewController.m in Sources */,
				8DEE1E4F1C45F19800B04537 /* AppDelegate.m in Sources */,
				8DEE1E4C1C45F19800B04537 /* main.m in Sources */,
			);
			runOnlyForDeploymentPostprocessing = 0;
		};
/* End PBXSourcesBuildPhase section */

/* Begin XCBuildConfiguration section */
		8DEE1E5C1C45F19800B04537 /* Debug */ = {
			isa = XCBuildConfiguration;
			buildSettings = {
				ALWAYS_SEARCH_USER_PATHS = NO;
				CLANG_CXX_LANGUAGE_STANDARD = "gnu++0x";
				CLANG_CXX_LIBRARY = "libc++";
				CLANG_ENABLE_MODULES = YES;
				CLANG_ENABLE_OBJC_ARC = YES;
				CLANG_WARN_BOOL_CONVERSION = YES;
				CLANG_WARN_CONSTANT_CONVERSION = YES;
				CLANG_WARN_DIRECT_OBJC_ISA_USAGE = YES_ERROR;
				CLANG_WARN_EMPTY_BODY = YES;
				CLANG_WARN_ENUM_CONVERSION = YES;
				CLANG_WARN_INT_CONVERSION = YES;
				CLANG_WARN_OBJC_ROOT_CLASS = YES_ERROR;
				CLANG_WARN_UNREACHABLE_CODE = YES;
				CLANG_WARN__DUPLICATE_METHOD_MATCH = YES;
				"CODE_SIGN_IDENTITY[sdk=iphoneos*]" = "iPhone Developer";
				COPY_PHASE_STRIP = NO;
				DEBUG_INFORMATION_FORMAT = dwarf;
				ENABLE_STRICT_OBJC_MSGSEND = YES;
				ENABLE_TESTABILITY = YES;
				GCC_C_LANGUAGE_STANDARD = gnu99;
				GCC_DYNAMIC_NO_PIC = NO;
				GCC_NO_COMMON_BLOCKS = YES;
				GCC_OPTIMIZATION_LEVEL = 0;
				GCC_PREPROCESSOR_DEFINITIONS = (
					"DEBUG=1",
					"$(inherited)",
				);
				GCC_WARN_64_TO_32_BIT_CONVERSION = YES;
				GCC_WARN_ABOUT_RETURN_TYPE = YES_ERROR;
				GCC_WARN_UNDECLARED_SELECTOR = YES;
				GCC_WARN_UNINITIALIZED_AUTOS = YES_AGGRESSIVE;
				GCC_WARN_UNUSED_FUNCTION = YES;
				GCC_WARN_UNUSED_VARIABLE = YES;
				IPHONEOS_DEPLOYMENT_TARGET = 9.1;
				MTL_ENABLE_DEBUG_INFO = YES;
				ONLY_ACTIVE_ARCH = YES;
				SDKROOT = iphoneos;
			};
			name = Debug;
		};
		8DEE1E5D1C45F19800B04537 /* Release */ = {
			isa = XCBuildConfiguration;
			buildSettings = {
				ALWAYS_SEARCH_USER_PATHS = NO;
				CLANG_CXX_LANGUAGE_STANDARD = "gnu++0x";
				CLANG_CXX_LIBRARY = "libc++";
				CLANG_ENABLE_MODULES = YES;
				CLANG_ENABLE_OBJC_ARC = YES;
				CLANG_WARN_BOOL_CONVERSION = YES;
				CLANG_WARN_CONSTANT_CONVERSION = YES;
				CLANG_WARN_DIRECT_OBJC_ISA_USAGE = YES_ERROR;
				CLANG_WARN_EMPTY_BODY = YES;
				CLANG_WARN_ENUM_CONVERSION = YES;
				CLANG_WARN_INT_CONVERSION = YES;
				CLANG_WARN_OBJC_ROOT_CLASS = YES_ERROR;
				CLANG_WARN_UNREACHABLE_CODE = YES;
				CLANG_WARN__DUPLICATE_METHOD_MATCH = YES;
				"CODE_SIGN_IDENTITY[sdk=iphoneos*]" = "iPhone Developer";
				COPY_PHASE_STRIP = NO;
				DEBUG_INFORMATION_FORMAT = "dwarf-with-dsym";
				ENABLE_NS_ASSERTIONS = NO;
				ENABLE_STRICT_OBJC_MSGSEND = YES;
				GCC_C_LANGUAGE_STANDARD = gnu99;
				GCC_NO_COMMON_BLOCKS = YES;
				GCC_WARN_64_TO_32_BIT_CONVERSION = YES;
				GCC_WARN_ABOUT_RETURN_TYPE = YES_ERROR;
				GCC_WARN_UNDECLARED_SELECTOR = YES;
				GCC_WARN_UNINITIALIZED_AUTOS = YES_AGGRESSIVE;
				GCC_WARN_UNUSED_FUNCTION = YES;
				GCC_WARN_UNUSED_VARIABLE = YES;
				IPHONEOS_DEPLOYMENT_TARGET = 9.1;
				MTL_ENABLE_DEBUG_INFO = NO;
				SDKROOT = iphoneos;
				VALIDATE_PRODUCT = YES;
			};
			name = Release;
		};
		8DEE1E5F1C45F19800B04537 /* Debug */ = {
			isa = XCBuildConfiguration;
			buildSettings = {
				ASSETCATALOG_COMPILER_APPICON_NAME = AppIcon;
				ASSETCATALOG_COMPILER_LAUNCHIMAGE_NAME = "Brand Assets";
				INFOPLIST_FILE = iOSStudy/Info.plist;
				IPHONEOS_DEPLOYMENT_TARGET = 8.0;
				LD_RUNPATH_SEARCH_PATHS = "$(inherited) @executable_path/Frameworks";
				PRODUCT_BUNDLE_IDENTIFIER = com.kongjianjia.iOSStudy;
				PRODUCT_NAME = "$(TARGET_NAME)";
			};
			name = Debug;
		};
		8DEE1E601C45F19800B04537 /* Release */ = {
			isa = XCBuildConfiguration;
			buildSettings = {
				ASSETCATALOG_COMPILER_APPICON_NAME = AppIcon;
				ASSETCATALOG_COMPILER_LAUNCHIMAGE_NAME = "Brand Assets";
				INFOPLIST_FILE = iOSStudy/Info.plist;
				IPHONEOS_DEPLOYMENT_TARGET = 8.0;
				LD_RUNPATH_SEARCH_PATHS = "$(inherited) @executable_path/Frameworks";
				PRODUCT_BUNDLE_IDENTIFIER = com.kongjianjia.iOSStudy;
				PRODUCT_NAME = "$(TARGET_NAME)";
			};
			name = Release;
		};
/* End XCBuildConfiguration section */

/* Begin XCConfigurationList section */
		8DEE1E421C45F19800B04537 /* Build configuration list for PBXProject "iOSStudy" */ = {
			isa = XCConfigurationList;
			buildConfigurations = (
				8DEE1E5C1C45F19800B04537 /* Debug */,
				8DEE1E5D1C45F19800B04537 /* Release */,
			);
			defaultConfigurationIsVisible = 0;
			defaultConfigurationName = Release;
		};
		8DEE1E5E1C45F19800B04537 /* Build configuration list for PBXNativeTarget "iOSStudy" */ = {
			isa = XCConfigurationList;
			buildConfigurations = (
				8DEE1E5F1C45F19800B04537 /* Debug */,
				8DEE1E601C45F19800B04537 /* Release */,
			);
			defaultConfigurationIsVisible = 0;
			defaultConfigurationName = Release;
		};
/* End XCConfigurationList section */
	};
	rootObject = 8DEE1E3F1C45F19800B04537 /* Project object */;
}
